// !$*UTF8*$!
{
	archiveVersion = 1;
	classes = {
	};
	objectVersion = 56;
	objects = {

/* Begin PBXBuildFile section */
		C6D011DB2A3E3212003E6CD3 /* nids_first_appApp.swift in Sources */ = {isa = PBXBuildFile; fileRef = C6D011DA2A3E3212003E6CD3 /* nids_first_appApp.swift */; };
		C6D011DD2A3E3212003E6CD3 /* ContentView.swift in Sources */ = {isa = PBXBuildFile; fileRef = C6D011DC2A3E3212003E6CD3 /* ContentView.swift */; };
		C6D011DF2A3E3215003E6CD3 /* Assets.xcassets in Resources */ = {isa = PBXBuildFile; fileRef = C6D011DE2A3E3215003E6CD3 /* Assets.xcassets */; };
		C6D011E22A3E3215003E6CD3 /* Preview Assets.xcassets in Resources */ = {isa = PBXBuildFile; fileRef = C6D011E12A3E3215003E6CD3 /* Preview Assets.xcassets */; };
		C6D011EC2A3E3215003E6CD3 /* nids_first_appTests.swift in Sources */ = {isa = PBXBuildFile; fileRef = C6D011EB2A3E3215003E6CD3 /* nids_first_appTests.swift */; };
		C6D011F62A3E3215003E6CD3 /* nids_first_appUITests.swift in Sources */ = {isa = PBXBuildFile; fileRef = C6D011F52A3E3215003E6CD3 /* nids_first_appUITests.swift */; };
		C6D011F82A3E3215003E6CD3 /* nids_first_appUITestsLaunchTests.swift in Sources */ = {isa = PBXBuildFile; fileRef = C6D011F72A3E3215003E6CD3 /* nids_first_appUITestsLaunchTests.swift */; };
		C6D012062A3E32F7003E6CD3 /* constants.swift in Sources */ = {isa = PBXBuildFile; fileRef = C6D012052A3E32F7003E6CD3 /* constants.swift */; };
/* End PBXBuildFile section */

/* Begin PBXContainerItemProxy section */
		C6D011E82A3E3215003E6CD3 /* PBXContainerItemProxy */ = {
			isa = PBXContainerItemProxy;
			containerPortal = C6D011CF2A3E3212003E6CD3 /* Project object */;
			proxyType = 1;
			remoteGlobalIDString = C6D011D62A3E3212003E6CD3;
			remoteInfo = "nids-first-app";
		};
		C6D011F22A3E3215003E6CD3 /* PBXContainerItemProxy */ = {
			isa = PBXContainerItemProxy;
			containerPortal = C6D011CF2A3E3212003E6CD3 /* Project object */;
			proxyType = 1;
			remoteGlobalIDString = C6D011D62A3E3212003E6CD3;
			remoteInfo = "nids-first-app";
		};
/* End PBXContainerItemProxy section */

/* Begin PBXFileReference section */
		C6D011D72A3E3212003E6CD3 /* nids-first-app.app */ = {isa = PBXFileReference; explicitFileType = wrapper.application; includeInIndex = 0; path = "nids-first-app.app"; sourceTree = BUILT_PRODUCTS_DIR; };
		C6D011DA2A3E3212003E6CD3 /* nids_first_appApp.swift */ = {isa = PBXFileReference; lastKnownFileType = sourcecode.swift; path = nids_first_appApp.swift; sourceTree = "<group>"; };
		C6D011DC2A3E3212003E6CD3 /* ContentView.swift */ = {isa = PBXFileReference; lastKnownFileType = sourcecode.swift; path = ContentView.swift; sourceTree = "<group>"; };
		C6D011DE2A3E3215003E6CD3 /* Assets.xcassets */ = {isa = PBXFileReference; lastKnownFileType = folder.assetcatalog; path = Assets.xcassets; sourceTree = "<group>"; };
		C6D011E12A3E3215003E6CD3 /* Preview Assets.xcassets */ = {isa = PBXFileReference; lastKnownFileType = folder.assetcatalog; path = "Preview Assets.xcassets"; sourceTree = "<group>"; };
		C6D011E72A3E3215003E6CD3 /* nids-first-appTests.xctest */ = {isa = PBXFileReference; explicitFileType = wrapper.cfbundle; includeInIndex = 0; path = "nids-first-appTests.xctest"; sourceTree = BUILT_PRODUCTS_DIR; };
		C6D011EB2A3E3215003E6CD3 /* nids_first_appTests.swift */ = {isa = PBXFileReference; lastKnownFileType = sourcecode.swift; path = nids_first_appTests.swift; sourceTree = "<group>"; };
		C6D011F12A3E3215003E6CD3 /* nids-first-appUITests.xctest */ = {isa = PBXFileReference; explicitFileType = wrapper.cfbundle; includeInIndex = 0; path = "nids-first-appUITests.xctest"; sourceTree = BUILT_PRODUCTS_DIR; };
		C6D011F52A3E3215003E6CD3 /* nids_first_appUITests.swift */ = {isa = PBXFileReference; lastKnownFileType = sourcecode.swift; path = nids_first_appUITests.swift; sourceTree = "<group>"; };
		C6D011F72A3E3215003E6CD3 /* nids_first_appUITestsLaunchTests.swift */ = {isa = PBXFileReference; lastKnownFileType = sourcecode.swift; path = nids_first_appUITestsLaunchTests.swift; sourceTree = "<group>"; };
		C6D012052A3E32F7003E6CD3 /* constants.swift */ = {isa = PBXFileReference; lastKnownFileType = sourcecode.swift; path = constants.swift; sourceTree = "<group>"; };
/* End PBXFileReference section */

/* Begin PBXFrameworksBuildPhase section */
		C6D011D42A3E3212003E6CD3 /* Frameworks */ = {
			isa = PBXFrameworksBuildPhase;
			buildActionMask = 2147483647;
			files = (
			);
			runOnlyForDeploymentPostprocessing = 0;
		};
		C6D011E42A3E3215003E6CD3 /* Frameworks */ = {
			isa = PBXFrameworksBuildPhase;
			buildActionMask = 2147483647;
			files = (
			);
			runOnlyForDeploymentPostprocessing = 0;
		};
		C6D011EE2A3E3215003E6CD3 /* Frameworks */ = {
			isa = PBXFrameworksBuildPhase;
			buildActionMask = 2147483647;
			files = (
			);
			runOnlyForDeploymentPostprocessing = 0;
		};
/* End PBXFrameworksBuildPhase section */

/* Begin PBXGroup section */
		C6D011CE2A3E3212003E6CD3 = {
			isa = PBXGroup;
			children = (
				C6D011D92A3E3212003E6CD3 /* nids-first-app */,
				C6D011EA2A3E3215003E6CD3 /* nids-first-appTests */,
				C6D011F42A3E3215003E6CD3 /* nids-first-appUITests */,
				C6D011D82A3E3212003E6CD3 /* Products */,
			);
			sourceTree = "<group>";
		};
		C6D011D82A3E3212003E6CD3 /* Products */ = {
			isa = PBXGroup;
			children = (
				C6D011D72A3E3212003E6CD3 /* nids-first-app.app */,
				C6D011E72A3E3215003E6CD3 /* nids-first-appTests.xctest */,
				C6D011F12A3E3215003E6CD3 /* nids-first-appUITests.xctest */,
			);
			name = Products;
			sourceTree = "<group>";
		};
		C6D011D92A3E3212003E6CD3 /* nids-first-app */ = {
			isa = PBXGroup;
			children = (
				C6D012042A3E32DF003E6CD3 /* configs */,
				C6D011DA2A3E3212003E6CD3 /* nids_first_appApp.swift */,
				C6D011DC2A3E3212003E6CD3 /* ContentView.swift */,
				C6D011DE2A3E3215003E6CD3 /* Assets.xcassets */,
				C6D011E02A3E3215003E6CD3 /* Preview Content */,
			);
			path = "nids-first-app";
			sourceTree = "<group>";
		};
		C6D011E02A3E3215003E6CD3 /* Preview Content */ = {
			isa = PBXGroup;
			children = (
				C6D011E12A3E3215003E6CD3 /* Preview Assets.xcassets */,
			);
			path = "Preview Content";
			sourceTree = "<group>";
		};
		C6D011EA2A3E3215003E6CD3 /* nids-first-appTests */ = {
			isa = PBXGroup;
			children = (
				C6D011EB2A3E3215003E6CD3 /* nids_first_appTests.swift */,
			);
			path = "nids-first-appTests";
			sourceTree = "<group>";
		};
		C6D011F42A3E3215003E6CD3 /* nids-first-appUITests */ = {
			isa = PBXGroup;
			children = (
				C6D011F52A3E3215003E6CD3 /* nids_first_appUITests.swift */,
				C6D011F72A3E3215003E6CD3 /* nids_first_appUITestsLaunchTests.swift */,
			);
			path = "nids-first-appUITests";
			sourceTree = "<group>";
		};
		C6D012042A3E32DF003E6CD3 /* configs */ = {
			isa = PBXGroup;
			children = (
				C6D012052A3E32F7003E6CD3 /* constants.swift */,
			);
			path = configs;
			sourceTree = "<group>";
		};
/* End PBXGroup section */

/* Begin PBXNativeTarget section */
		C6D011D62A3E3212003E6CD3 /* nids-first-app */ = {
			isa = PBXNativeTarget;
			buildConfigurationList = C6D011FB2A3E3215003E6CD3 /* Build configuration list for PBXNativeTarget "nids-first-app" */;
			buildPhases = (
				C6D011D32A3E3212003E6CD3 /* Sources */,
				C6D011D42A3E3212003E6CD3 /* Frameworks */,
				C6D011D52A3E3212003E6CD3 /* Resources */,
			);
			buildRules = (
			);
			dependencies = (
			);
			name = "nids-first-app";
			productName = "nids-first-app";
			productReference = C6D011D72A3E3212003E6CD3 /* nids-first-app.app */;
			productType = "com.apple.product-type.application";
		};
		C6D011E62A3E3215003E6CD3 /* nids-first-appTests */ = {
			isa = PBXNativeTarget;
			buildConfigurationList = C6D011FE2A3E3215003E6CD3 /* Build configuration list for PBXNativeTarget "nids-first-appTests" */;
			buildPhases = (
				C6D011E32A3E3215003E6CD3 /* Sources */,
				C6D011E42A3E3215003E6CD3 /* Frameworks */,
				C6D011E52A3E3215003E6CD3 /* Resources */,
			);
			buildRules = (
			);
			dependencies = (
				C6D011E92A3E3215003E6CD3 /* PBXTargetDependency */,
			);
			name = "nids-first-appTests";
			productName = "nids-first-appTests";
			productReference = C6D011E72A3E3215003E6CD3 /* nids-first-appTests.xctest */;
			productType = "com.apple.product-type.bundle.unit-test";
		};
		C6D011F02A3E3215003E6CD3 /* nids-first-appUITests */ = {
			isa = PBXNativeTarget;
			buildConfigurationList = C6D012012A3E3215003E6CD3 /* Build configuration list for PBXNativeTarget "nids-first-appUITests" */;
			buildPhases = (
				C6D011ED2A3E3215003E6CD3 /* Sources */,
				C6D011EE2A3E3215003E6CD3 /* Frameworks */,
				C6D011EF2A3E3215003E6CD3 /* Resources */,
			);
			buildRules = (
			);
			dependencies = (
				C6D011F32A3E3215003E6CD3 /* PBXTargetDependency */,
			);
			name = "nids-first-appUITests";
			productName = "nids-first-appUITests";
			productReference = C6D011F12A3E3215003E6CD3 /* nids-first-appUITests.xctest */;
			productType = "com.apple.product-type.bundle.ui-testing";
		};
/* End PBXNativeTarget section */

/* Begin PBXProject section */
		C6D011CF2A3E3212003E6CD3 /* Project object */ = {
			isa = PBXProject;
			attributes = {
				BuildIndependentTargetsInParallel = 1;
				LastSwiftUpdateCheck = 1400;
				LastUpgradeCheck = 1400;
				TargetAttributes = {
					C6D011D62A3E3212003E6CD3 = {
						CreatedOnToolsVersion = 14.0;
					};
					C6D011E62A3E3215003E6CD3 = {
						CreatedOnToolsVersion = 14.0;
						TestTargetID = C6D011D62A3E3212003E6CD3;
					};
					C6D011F02A3E3215003E6CD3 = {
						CreatedOnToolsVersion = 14.0;
						TestTargetID = C6D011D62A3E3212003E6CD3;
					};
				};
			};
			buildConfigurationList = C6D011D22A3E3212003E6CD3 /* Build configuration list for PBXProject "nids-first-app" */;
			compatibilityVersion = "Xcode 14.0";
			developmentRegion = en;
			hasScannedForEncodings = 0;
			knownRegions = (
				en,
				Base,
			);
			mainGroup = C6D011CE2A3E3212003E6CD3;
			productRefGroup = C6D011D82A3E3212003E6CD3 /* Products */;
			projectDirPath = "";
			projectRoot = "";
			targets = (
				C6D011D62A3E3212003E6CD3 /* nids-first-app */,
				C6D011E62A3E3215003E6CD3 /* nids-first-appTests */,
				C6D011F02A3E3215003E6CD3 /* nids-first-appUITests */,
			);
		};
/* End PBXProject section */

/* Begin PBXResourcesBuildPhase section */
		C6D011D52A3E3212003E6CD3 /* Resources */ = {
			isa = PBXResourcesBuildPhase;
			buildActionMask = 2147483647;
			files = (
				C6D011E22A3E3215003E6CD3 /* Preview Assets.xcassets in Resources */,
				C6D011DF2A3E3215003E6CD3 /* Assets.xcassets in Resources */,
			);
			runOnlyForDeploymentPostprocessing = 0;
		};
		C6D011E52A3E3215003E6CD3 /* Resources */ = {
			isa = PBXResourcesBuildPhase;
			buildActionMask = 2147483647;
			files = (
			);
			runOnlyForDeploymentPostprocessing = 0;
		};
		C6D011EF2A3E3215003E6CD3 /* Resources */ = {
			isa = PBXResourcesBuildPhase;
			buildActionMask = 2147483647;
			files = (
			);
			runOnlyForDeploymentPostprocessing = 0;
		};
/* End PBXResourcesBuildPhase section */

/* Begin PBXSourcesBuildPhase section */
		C6D011D32A3E3212003E6CD3 /* Sources */ = {
			isa = PBXSourcesBuildPhase;
			buildActionMask = 2147483647;
			files = (
				C6D011DD2A3E3212003E6CD3 /* ContentView.swift in Sources */,
				C6D011DB2A3E3212003E6CD3 /* nids_first_appApp.swift in Sources */,
				C6D012062A3E32F7003E6CD3 /* constants.swift in Sources */,
			);
			runOnlyForDeploymentPostprocessing = 0;
		};
		C6D011E32A3E3215003E6CD3 /* Sources */ = {
			isa = PBXSourcesBuildPhase;
			buildActionMask = 2147483647;
			files = (
				C6D011EC2A3E3215003E6CD3 /* nids_first_appTests.swift in Sources */,
			);
			runOnlyForDeploymentPostprocessing = 0;
		};
		C6D011ED2A3E3215003E6CD3 /* Sources */ = {
			isa = PBXSourcesBuildPhase;
			buildActionMask = 2147483647;
			files = (
				C6D011F62A3E3215003E6CD3 /* nids_first_appUITests.swift in Sources */,
				C6D011F82A3E3215003E6CD3 /* nids_first_appUITestsLaunchTests.swift in Sources */,
			);
			runOnlyForDeploymentPostprocessing = 0;
		};
/* End PBXSourcesBuildPhase section */

/* Begin PBXTargetDependency section */
		C6D011E92A3E3215003E6CD3 /* PBXTargetDependency */ = {
			isa = PBXTargetDependency;
			target = C6D011D62A3E3212003E6CD3 /* nids-first-app */;
			targetProxy = C6D011E82A3E3215003E6CD3 /* PBXContainerItemProxy */;
		};
		C6D011F32A3E3215003E6CD3 /* PBXTargetDependency */ = {
			isa = PBXTargetDependency;
			target = C6D011D62A3E3212003E6CD3 /* nids-first-app */;
			targetProxy = C6D011F22A3E3215003E6CD3 /* PBXContainerItemProxy */;
		};
/* End PBXTargetDependency section */

/* Begin XCBuildConfiguration section */
		C6D011F92A3E3215003E6CD3 /* Debug */ = {
			isa = XCBuildConfiguration;
			buildSettings = {
				ALWAYS_SEARCH_USER_PATHS = NO;
				CLANG_ANALYZER_NONNULL = YES;
				CLANG_ANALYZER_NUMBER_OBJECT_CONVERSION = YES_AGGRESSIVE;
				CLANG_CXX_LANGUAGE_STANDARD = "gnu++20";
				CLANG_ENABLE_MODULES = YES;
				CLANG_ENABLE_OBJC_ARC = YES;
				CLANG_ENABLE_OBJC_WEAK = YES;
				CLANG_WARN_BLOCK_CAPTURE_AUTORELEASING = YES;
				CLANG_WARN_BOOL_CONVERSION = YES;
				CLANG_WARN_COMMA = YES;
				CLANG_WARN_CONSTANT_CONVERSION = YES;
				CLANG_WARN_DEPRECATED_OBJC_IMPLEMENTATIONS = YES;
				CLANG_WARN_DIRECT_OBJC_ISA_USAGE = YES_ERROR;
				CLANG_WARN_DOCUMENTATION_COMMENTS = YES;
				CLANG_WARN_EMPTY_BODY = YES;
				CLANG_WARN_ENUM_CONVERSION = YES;
				CLANG_WARN_INFINITE_RECURSION = YES;
				CLANG_WARN_INT_CONVERSION = YES;
				CLANG_WARN_NON_LITERAL_NULL_CONVERSION = YES;
				CLANG_WARN_OBJC_IMPLICIT_RETAIN_SELF = YES;
				CLANG_WARN_OBJC_LITERAL_CONVERSION = YES;
				CLANG_WARN_OBJC_ROOT_CLASS = YES_ERROR;
				CLANG_WARN_QUOTED_INCLUDE_IN_FRAMEWORK_HEADER = YES;
				CLANG_WARN_RANGE_LOOP_ANALYSIS = YES;
				CLANG_WARN_STRICT_PROTOTYPES = YES;
				CLANG_WARN_SUSPICIOUS_MOVE = YES;
				CLANG_WARN_UNGUARDED_AVAILABILITY = YES_AGGRESSIVE;
				CLANG_WARN_UNREACHABLE_CODE = YES;
				CLANG_WARN__DUPLICATE_METHOD_MATCH = YES;
				COPY_PHASE_STRIP = NO;
				DEBUG_INFORMATION_FORMAT = dwarf;
				ENABLE_STRICT_OBJC_MSGSEND = YES;
				ENABLE_TESTABILITY = YES;
				GCC_C_LANGUAGE_STANDARD = gnu11;
				GCC_DYNAMIC_NO_PIC = NO;
				GCC_NO_COMMON_BLOCKS = YES;
				GCC_OPTIMIZATION_LEVEL = 0;
				GCC_PREPROCESSOR_DEFINITIONS = (
					"DEBUG=1",
					"$(inherited)",
				);
				GCC_WARN_64_TO_32_BIT_CONVERSION = YES;
				GCC_WARN_ABOUT_RETURN_TYPE = YES_ERROR;
				GCC_WARN_UNDECLARED_SELECTOR = YES;
				GCC_WARN_UNINITIALIZED_AUTOS = YES_AGGRESSIVE;
				GCC_WARN_UNUSED_FUNCTION = YES;
				GCC_WARN_UNUSED_VARIABLE = YES;
				IPHONEOS_DEPLOYMENT_TARGET = 16.0;
				MTL_ENABLE_DEBUG_INFO = INCLUDE_SOURCE;
				MTL_FAST_MATH = YES;
				ONLY_ACTIVE_ARCH = YES;
				SDKROOT = iphoneos;
				SWIFT_ACTIVE_COMPILATION_CONDITIONS = DEBUG;
				SWIFT_OPTIMIZATION_LEVEL = "-Onone";
			};
			name = Debug;
		};
		C6D011FA2A3E3215003E6CD3 /* Release */ = {
			isa = XCBuildConfiguration;
			buildSettings = {
				ALWAYS_SEARCH_USER_PATHS = NO;
				CLANG_ANALYZER_NONNULL = YES;
				CLANG_ANALYZER_NUMBER_OBJECT_CONVERSION = YES_AGGRESSIVE;
				CLANG_CXX_LANGUAGE_STANDARD = "gnu++20";
				CLANG_ENABLE_MODULES = YES;
				CLANG_ENABLE_OBJC_ARC = YES;
				CLANG_ENABLE_OBJC_WEAK = YES;
				CLANG_WARN_BLOCK_CAPTURE_AUTORELEASING = YES;
				CLANG_WARN_BOOL_CONVERSION = YES;
				CLANG_WARN_COMMA = YES;
				CLANG_WARN_CONSTANT_CONVERSION = YES;
				CLANG_WARN_DEPRECATED_OBJC_IMPLEMENTATIONS = YES;
				CLANG_WARN_DIRECT_OBJC_ISA_USAGE = YES_ERROR;
				CLANG_WARN_DOCUMENTATION_COMMENTS = YES;
				CLANG_WARN_EMPTY_BODY = YES;
				CLANG_WARN_ENUM_CONVERSION = YES;
				CLANG_WARN_INFINITE_RECURSION = YES;
				CLANG_WARN_INT_CONVERSION = YES;
				CLANG_WARN_NON_LITERAL_NULL_CONVERSION = YES;
				CLANG_WARN_OBJC_IMPLICIT_RETAIN_SELF = YES;
				CLANG_WARN_OBJC_LITERAL_CONVERSION = YES;
				CLANG_WARN_OBJC_ROOT_CLASS = YES_ERROR;
				CLANG_WARN_QUOTED_INCLUDE_IN_FRAMEWORK_HEADER = YES;
				CLANG_WARN_RANGE_LOOP_ANALYSIS = YES;
				CLANG_WARN_STRICT_PROTOTYPES = YES;
				CLANG_WARN_SUSPICIOUS_MOVE = YES;
				CLANG_WARN_UNGUARDED_AVAILABILITY = YES_AGGRESSIVE;
				CLANG_WARN_UNREACHABLE_CODE = YES;
				CLANG_WARN__DUPLICATE_METHOD_MATCH = YES;
				COPY_PHASE_STRIP = NO;
				DEBUG_INFORMATION_FORMAT = "dwarf-with-dsym";
				ENABLE_NS_ASSERTIONS = NO;
				ENABLE_STRICT_OBJC_MSGSEND = YES;
				GCC_C_LANGUAGE_STANDARD = gnu11;
				GCC_NO_COMMON_BLOCKS = YES;
				GCC_WARN_64_TO_32_BIT_CONVERSION = YES;
				GCC_WARN_ABOUT_RETURN_TYPE = YES_ERROR;
				GCC_WARN_UNDECLARED_SELECTOR = YES;
				GCC_WARN_UNINITIALIZED_AUTOS = YES_AGGRESSIVE;
				GCC_WARN_UNUSED_FUNCTION = YES;
				GCC_WARN_UNUSED_VARIABLE = YES;
				IPHONEOS_DEPLOYMENT_TARGET = 16.0;
				MTL_ENABLE_DEBUG_INFO = NO;
				MTL_FAST_MATH = YES;
				SDKROOT = iphoneos;
				SWIFT_COMPILATION_MODE = wholemodule;
				SWIFT_OPTIMIZATION_LEVEL = "-O";
				VALIDATE_PRODUCT = YES;
			};
			name = Release;
		};
		C6D011FC2A3E3215003E6CD3 /* Debug */ = {
			isa = XCBuildConfiguration;
			buildSettings = {
				ASSETCATALOG_COMPILER_APPICON_NAME = AppIcon;
				ASSETCATALOG_COMPILER_GLOBAL_ACCENT_COLOR_NAME = AccentColor;
				CODE_SIGN_STYLE = Automatic;
				CURRENT_PROJECT_VERSION = 1;
				DEVELOPMENT_ASSET_PATHS = "\"nids-first-app/Preview Content\"";
				ENABLE_PREVIEWS = YES;
				GENERATE_INFOPLIST_FILE = YES;
				INFOPLIST_KEY_UIApplicationSceneManifest_Generation = YES;
				INFOPLIST_KEY_UIApplicationSupportsIndirectInputEvents = YES;
				INFOPLIST_KEY_UILaunchScreen_Generation = YES;
				INFOPLIST_KEY_UISupportedInterfaceOrientations_iPad = "UIInterfaceOrientationPortrait UIInterfaceOrientationPortraitUpsideDown UIInterfaceOrientationLandscapeLeft UIInterfaceOrientationLandscapeRight";
				INFOPLIST_KEY_UISupportedInterfaceOrientations_iPhone = "UIInterfaceOrientationPortrait UIInterfaceOrientationLandscapeLeft UIInterfaceOrientationLandscapeRight";
				LD_RUNPATH_SEARCH_PATHS = (
					"$(inherited)",
					"@executable_path/Frameworks",
				);
				MARKETING_VERSION = 1.0;
				PRODUCT_BUNDLE_IDENTIFIER = "nids.nids-first-app";
				PRODUCT_NAME = "$(TARGET_NAME)";
				SWIFT_EMIT_LOC_STRINGS = YES;
				SWIFT_VERSION = 5.0;
				TARGETED_DEVICE_FAMILY = "1,2";
			};
			name = Debug;
		};
		C6D011FD2A3E3215003E6CD3 /* Release */ = {
			isa = XCBuildConfiguration;
			buildSettings = {
				ASSETCATALOG_COMPILER_APPICON_NAME = AppIcon;
				ASSETCATALOG_COMPILER_GLOBAL_ACCENT_COLOR_NAME = AccentColor;
				CODE_SIGN_STYLE = Automatic;
				CURRENT_PROJECT_VERSION = 1;
				DEVELOPMENT_ASSET_PATHS = "\"nids-first-app/Preview Content\"";
				ENABLE_PREVIEWS = YES;
				GENERATE_INFOPLIST_FILE = YES;
				INFOPLIST_KEY_UIApplicationSceneManifest_Generation = YES;
				INFOPLIST_KEY_UIApplicationSupportsIndirectInputEvents = YES;
				INFOPLIST_KEY_UILaunchScreen_Generation = YES;
				INFOPLIST_KEY_UISupportedInterfaceOrientations_iPad = "UIInterfaceOrientationPortrait UIInterfaceOrientationPortraitUpsideDown UIInterfaceOrientationLandscapeLeft UIInterfaceOrientationLandscapeRight";
				INFOPLIST_KEY_UISupportedInterfaceOrientations_iPhone = "UIInterfaceOrientationPortrait UIInterfaceOrientationLandscapeLeft UIInterfaceOrientationLandscapeRight";
				LD_RUNPATH_SEARCH_PATHS = (
					"$(inherited)",
					"@executable_path/Frameworks",
				);
				MARKETING_VERSION = 1.0;
				PRODUCT_BUNDLE_IDENTIFIER = "nids.nids-first-app";
				PRODUCT_NAME = "$(TARGET_NAME)";
				SWIFT_EMIT_LOC_STRINGS = YES;
				SWIFT_VERSION = 5.0;
				TARGETED_DEVICE_FAMILY = "1,2";
			};
			name = Release;
		};
		C6D011FF2A3E3215003E6CD3 /* Debug */ = {
			isa = XCBuildConfiguration;
			buildSettings = {
				ALWAYS_EMBED_SWIFT_STANDARD_LIBRARIES = YES;
				BUNDLE_LOADER = "$(TEST_HOST)";
				CODE_SIGN_STYLE = Automatic;
				CURRENT_PROJECT_VERSION = 1;
				GENERATE_INFOPLIST_FILE = YES;
				IPHONEOS_DEPLOYMENT_TARGET = 16.0;
				MARKETING_VERSION = 1.0;
				PRODUCT_BUNDLE_IDENTIFIER = "nids.nids-first-appTests";
				PRODUCT_NAME = "$(TARGET_NAME)";
				SWIFT_EMIT_LOC_STRINGS = NO;
				SWIFT_VERSION = 5.0;
				TARGETED_DEVICE_FAMILY = "1,2";
				TEST_HOST = "$(BUILT_PRODUCTS_DIR)/nids-first-app.app/$(BUNDLE_EXECUTABLE_FOLDER_PATH)/nids-first-app";
			};
			name = Debug;
		};
		C6D012002A3E3215003E6CD3 /* Release */ = {
			isa = XCBuildConfiguration;
			buildSettings = {
				ALWAYS_EMBED_SWIFT_STANDARD_LIBRARIES = YES;
				BUNDLE_LOADER = "$(TEST_HOST)";
				CODE_SIGN_STYLE = Automatic;
				CURRENT_PROJECT_VERSION = 1;
				GENERATE_INFOPLIST_FILE = YES;
				IPHONEOS_DEPLOYMENT_TARGET = 16.0;
				MARKETING_VERSION = 1.0;
				PRODUCT_BUNDLE_IDENTIFIER = "nids.nids-first-appTests";
				PRODUCT_NAME = "$(TARGET_NAME)";
				SWIFT_EMIT_LOC_STRINGS = NO;
				SWIFT_VERSION = 5.0;
				TARGETED_DEVICE_FAMILY = "1,2";
				TEST_HOST = "$(BUILT_PRODUCTS_DIR)/nids-first-app.app/$(BUNDLE_EXECUTABLE_FOLDER_PATH)/nids-first-app";
			};
			name = Release;
		};
		C6D012022A3E3215003E6CD3 /* Debug */ = {
			isa = XCBuildConfiguration;
			buildSettings = {
				ALWAYS_EMBED_SWIFT_STANDARD_LIBRARIES = YES;
				CODE_SIGN_STYLE = Automatic;
				CURRENT_PROJECT_VERSION = 1;
				GENERATE_INFOPLIST_FILE = YES;
				MARKETING_VERSION = 1.0;
				PRODUCT_BUNDLE_IDENTIFIER = "nids.nids-first-appUITests";
				PRODUCT_NAME = "$(TARGET_NAME)";
				SWIFT_EMIT_LOC_STRINGS = NO;
				SWIFT_VERSION = 5.0;
				TARGETED_DEVICE_FAMILY = "1,2";
				TEST_TARGET_NAME = "nids-first-app";
			};
			name = Debug;
		};
		C6D012032A3E3215003E6CD3 /* Release */ = {
			isa = XCBuildConfiguration;
			buildSettings = {
				ALWAYS_EMBED_SWIFT_STANDARD_LIBRARIES = YES;
				CODE_SIGN_STYLE = Automatic;
				CURRENT_PROJECT_VERSION = 1;
				GENERATE_INFOPLIST_FILE = YES;
				MARKETING_VERSION = 1.0;
				PRODUCT_BUNDLE_IDENTIFIER = "nids.nids-first-appUITests";
				PRODUCT_NAME = "$(TARGET_NAME)";
				SWIFT_EMIT_LOC_STRINGS = NO;
				SWIFT_VERSION = 5.0;
				TARGETED_DEVICE_FAMILY = "1,2";
				TEST_TARGET_NAME = "nids-first-app";
			};
			name = Release;
		};
/* End XCBuildConfiguration section */

/* Begin XCConfigurationList section */
		C6D011D22A3E3212003E6CD3 /* Build configuration list for PBXProject "nids-first-app" */ = {
			isa = XCConfigurationList;
			buildConfigurations = (
				C6D011F92A3E3215003E6CD3 /* Debug */,
				C6D011FA2A3E3215003E6CD3 /* Release */,
			);
			defaultConfigurationIsVisible = 0;
			defaultConfigurationName = Release;
		};
		C6D011FB2A3E3215003E6CD3 /* Build configuration list for PBXNativeTarget "nids-first-app" */ = {
			isa = XCConfigurationList;
			buildConfigurations = (
				C6D011FC2A3E3215003E6CD3 /* Debug */,
				C6D011FD2A3E3215003E6CD3 /* Release */,
			);
			defaultConfigurationIsVisible = 0;
			defaultConfigurationName = Release;
		};
		C6D011FE2A3E3215003E6CD3 /* Build configuration list for PBXNativeTarget "nids-first-appTests" */ = {
			isa = XCConfigurationList;
			buildConfigurations = (
				C6D011FF2A3E3215003E6CD3 /* Debug */,
				C6D012002A3E3215003E6CD3 /* Release */,
			);
			defaultConfigurationIsVisible = 0;
			defaultConfigurationName = Release;
		};
		C6D012012A3E3215003E6CD3 /* Build configuration list for PBXNativeTarget "nids-first-appUITests" */ = {
			isa = XCConfigurationList;
			buildConfigurations = (
				C6D012022A3E3215003E6CD3 /* Debug */,
				C6D012032A3E3215003E6CD3 /* Release */,
			);
			defaultConfigurationIsVisible = 0;
			defaultConfigurationName = Release;
		};
/* End XCConfigurationList section */
	};
	rootObject = C6D011CF2A3E3212003E6CD3 /* Project object */;
}
